{
  "nodes": {
    "catppuccin": {
      "inputs": {
        "nixpkgs": "nixpkgs"
      },
      "locked": {
        "lastModified": 1786696832,
        "narHash": "sha256-wjdfX+jCJCJsteGD75xEfsDR3yATFFEx4mwelhlDXdU=",
        "owner": "catppuccin",
        "repo": "nix",
        "rev": "35d78c213b65e38789bcb359aae2380fcb4dc3e8",
        "type": "github"
      },
      "original": {
        "owner": "catppuccin",
        "repo": "nix",
        "type": "github"
      }
    },
    "dank-qml-common": {
      "flake": false,
      "locked": {
        "lastModified": 1787413952,
        "narHash": "sha256-jRqu1xKyWZkFdBlR8sP5qJMFrs+kWjs3Gt6BaNO92Ko=",
        "owner": "AvengeMedia",
        "repo": "dank-qml-common",
        "rev": "13b7f2e99a08438a94c37b474b355aff3a5c1db8",
        "type": "github"
      },
      "original": {
        "owner": "AvengeMedia",
        "repo": "dank-qml-common",
        "type": "github"
      }
    },
    "dms": {
      "inputs": {
        "dank-qml-common": "dank-qml-common",
        "flake-compat": "flake-compat",
        "nixpkgs": [
          "nixpkgs"
        ]
      },
      "locked": {
        "lastModified": 1787468255,
        "narHash": "sha256-eOig887yglknQ1Pc06RjipMWil+r0fHIGCBFWwv3M88=",
        "owner": "AvengeMedia",
        "repo": "DankMaterialShell",
        "rev": "5c9dd50c2eaa3125df58626d833d44e3ee0596fb",
        "type": "github"
      },
      "original": {
        "owner": "AvengeMedia",
        "repo": "DankMaterialShell",
        "type": "github"
      }
    },
    "dms-plugin-registry": {
      "inputs": {
        "nixpkgs": [
          "nixpkgs"
        ]
      },
      "locked": {
        "lastModified": 1787498409,
        "narHash": "sha256-LjnMxib2216kndL/2Bau70QdDRQ807DuD7rl/inrgrM=",
        "owner": "AvengeMedia",
        "repo": "dms-plugin-registry",
        "rev": "b05ffa9c1dafade2242d3f8ce074c711dc44c4be",
        "type": "github"
      },
      "original": {
        "owner": "AvengeMedia",
        "repo": "dms-plugin-registry",
        "type": "github"
      }
    },
    "flake-compat": {
      "flake": false,
      "locked": {
        "lastModified": 1767039857,
        "narHash": "sha256-vNpUSpF5Nuw8xvDLj2KCwwksIbjua2LZCqhV1LNRDns=",
        "owner": "NixOS",
        "repo": "flake-compat",
        "rev": "5edf11c44bc78a0d334f6334cdaf7d60d732daab",
        "type": "github"
      },
      "original": {
        "owner": "NixOS",
        "repo": "flake-compat",
        "type": "github"
      }
    },
    "flake-compat_2": {
      "flake": false,
      "locked": {
        "lastModified": 1777699697,
        "narHash": "sha256-Eg9b/rq/ECYwNwEXs5i9wHyhxNI0JrYx2srdI2uZMaQ=",
        "ref": "refs/heads/main",
        "rev": "382052b74656a369c5408822af3f2501e9b1af81",
        "revCount": 94,
        "type": "git",
        "url": "https://git.lix.systems/lix-project/flake-compat.git"
      },
      "original": {
        "type": "git",
        "url": "https://git.lix.systems/lix-project/flake-compat.git"
      }
    },
    "flake-parts": {
      "inputs": {
        "nixpkgs-lib": "nixpkgs-lib"
      },
      "locked": {
        "lastModified": 1785627969,
        "narHash": "sha256-4dtXQk/NMePegK/nWp5NSeuZKLATItOq61lpEvmXqGw=",
        "owner": "hercules-ci",
        "repo": "flake-parts",
        "rev": "427bf4bd9435fdf21321c8cc628c24efc14c0f7a",
        "type": "github"
      },
      "original": {
        "owner": "hercules-ci",
        "repo": "flake-parts",
        "type": "github"
      }
    },
    "helium-flake": {
      "inputs": {
        "nixpkgs": [
          "nixpkgs"
        ]
      },
      "locked": {
        "lastModified": 1787301512,
        "narHash": "sha256-VYbNaWAcwK9G+mq3jmqyCu6t4zUNUOTT8PXB3pj7XgA=",
        "owner": "oxcl",
        "repo": "nix-flake-helium-browser",
        "rev": "4fe9ac832466143224203f896a3a38aa8c73b611",
        "type": "github"
      },
      "original": {
        "owner": "oxcl",
        "repo": "nix-flake-helium-browser",
        "type": "github"
      }
    },
    "home-manager": {
      "inputs": {
        "nixpkgs": [
          "nixpkgs"
        ]
      },
      "locked": {
        "lastModified": 1787487906,
        "narHash": "sha256-zIdM+8teujHm5hc5MIPDnV7k2UeOOT/pFyFtWjOCwsY=",
        "owner": "nix-community",
        "repo": "home-manager",
        "rev": "cfba7ad5886b342b8dd63ba74354b3853ea4cfc9",
        "type": "github"
      },
      "original": {
        "owner": "nix-community",
        "repo": "home-manager",
        "type": "github"
      }
    },
    "import-tree": {
      "locked": {
        "lastModified": 1784254960,
        "narHash": "sha256-iI88R3wHz8wTKQb5orvpc51L/Xr64AJyxid/0MKa/b8=",
        "owner": "vic",
        "repo": "import-tree",
        "rev": "4ebb10ae17d5f1ad366e7aef5b92cb8eecf24f69",
        "type": "github"
      },
      "original": {
        "owner": "vic",
        "repo": "import-tree",
        "type": "github"
      }
    },
    "mnw": {
      "locked": {
        "lastModified": 1780772958,
        "narHash": "sha256-VKKe8r4pwCGWZ3Yr9CPN129R4S3CKLSrlYqdYz3vKpM=",
        "owner": "Gerg-L",
        "repo": "mnw",
        "rev": "0871dbf63a53610c95db04439ed8ea4d6ec9c160",
        "type": "github"
      },
      "original": {
        "owner": "Gerg-L",
        "repo": "mnw",
        "type": "github"
      }
    },
    "niri": {
      "inputs": {
        "niri-stable": "niri-stable",
        "niri-unstable": "niri-unstable",
        "nixpkgs": [
          "nixpkgs"
        ],
        "nixpkgs-stable": "nixpkgs-stable",
        "xwayland-satellite-stable": "xwayland-satellite-stable",
        "xwayland-satellite-unstable": "xwayland-satellite-unstable"
      },
      "locked": {
        "lastModified": 1785857305,
        "narHash": "sha256-25q05zpF1sqOCxPPUG9DPPGd+EDW7SiAOWCzBWRS7r0=",
        "owner": "sodiboo",
        "repo": "niri-flake",
        "rev": "9ee3e13b60643448228353097880521658b2fe0e",
        "type": "github"
      },
      "original": {
        "owner": "sodiboo",
        "repo": "niri-flake",
        "type": "github"
      }
    },
    "niri-stable": {
      "flake": false,
      "locked": {
        "lastModified": 1756556321,
        "narHash": "sha256-RLD89dfjN0RVO86C/Mot0T7aduCygPGaYbog566F0Qo=",
        "owner": "YaLTeR",
        "repo": "niri",
        "rev": "01be0e65f4eb91a9cd624ac0b76aaeab765c7294",
        "type": "github"
      },
      "original": {
        "owner": "YaLTeR",
        "ref": "v25.08",
        "repo": "niri",
        "type": "github"
      }
    },
    "niri-unstable": {
      "flake": false,
      "locked": {
        "lastModified": 1785701241,
        "narHash": "sha256-ircVOzPWRircI39ac/tqJajr5OoJxEVrDlBb05TULEk=",
        "owner": "YaLTeR",
        "repo": "niri",
        "rev": "feb3e43f1475e0865bb89cbd1e898b34d1d2ccf6",
        "type": "github"
      },
      "original": {
        "owner": "YaLTeR",
        "repo": "niri",
        "type": "github"
      }
    },
    "nixpkgs": {
      "locked": {
        "lastModified": 1786534138,
        "narHash": "sha256-Cwffw7dPM56d8spt4/queFQ1cKg69D9qrsp+wfwKvfo=",
        "rev": "044bfe75bfe4c7bbe043dc17b5e42ea823b84a09",
        "type": "tarball",
        "url": "https://releases.nixos.org/nixpkgs/nixpkgs-26.11pre1052792.044bfe75bfe4/nixexprs.tar.xz"
      },
      "original": {
        "type": "tarball",
        "url": "https://channels.nixos.org/nixpkgs-unstable/nixexprs.tar.xz"
      }
    },
    "nixpkgs-lib": {
      "locked": {
        "lastModified": 1785031560,
        "narHash": "sha256-OmshNvn2vupOFpYinLUu+1Dnpu4n7Q5N3ggGVNHpkUI=",
        "owner": "nix-community",
        "repo": "nixpkgs.lib",
        "rev": "0e79af5e3d4dcfcd676ab5ba3f95d2e3352e078c",
        "type": "github"
      },
      "original": {
        "owner": "nix-community",
        "repo": "nixpkgs.lib",
        "type": "github"
      }
    },
    "nixpkgs-stable": {
      "locked": {
        "lastModified": 1782847189,
        "narHash": "sha256-twXPFqFsrrY5r28Zh7Homgcp2gUMBgQ6WDS98Q/3xFI=",
        "owner": "NixOS",
        "repo": "nixpkgs",
        "rev": "b6018f87da91d19d0ab4cf979885689b469cdd41",
        "type": "github"
      },
      "original": {
        "owner": "NixOS",
        "ref": "nixos-25.11",
        "repo": "nixpkgs",
        "type": "github"
      }
    },
    "nixpkgs_2": {
      "locked": {
        "lastModified": 1787360063,
        "narHash": "sha256-dt4WdcvsA8/RCe+VZZwqU0X+XMM3wBbGCWA0/sFWzGo=",
        "owner": "nixos",
        "repo": "nixpkgs",
        "rev": "2c423e03bbafcff28bfadc6781a4a8257f205cb5",
        "type": "github"
      },
      "original": {
        "owner": "nixos",
        "ref": "nixos-unstable",
        "repo": "nixpkgs",
        "type": "github"
      }
    },
    "nixpkgs_3": {
      "locked": {
        "lastModified": 1787360063,
        "narHash": "sha256-95aJfHyQTLWslCXFVNB0odgmVkpdmDezQwTg9mhqV1E=",
        "rev": "2c423e03bbafcff28bfadc6781a4a8257f205cb5",
        "type": "tarball",
        "url": "https://releases.nixos.org/nixos/unstable/nixos-26.11pre1059570.2c423e03bbaf/nixexprs.tar.zst"
      },
      "original": {
        "type": "tarball",
        "url": "https://channels.nixos.org/nixos-unstable/nixexprs.tar.zst"
      }
    },
    "nixpkgs_4": {
      "locked": {
        "lastModified": 1784796856,
        "narHash": "sha256-vwxWgF+Gj276WznzGb1LxGsK/39HaQwgQXiU3EkC844=",
        "rev": "e2587caef70cea85dd97d7daab492899902dbf5d",
        "type": "tarball",
        "url": "https://releases.nixos.org/nixos/unstable/nixos-26.11pre1040357.e2587caef70c/nixexprs.tar.xz"
      },
      "original": {
        "type": "tarball",
        "url": "https://channels.nixos.org/nixos-unstable/nixexprs.tar.xz"
      }
    },
    "noctalia": {
      "inputs": {
        "nixpkgs": "nixpkgs_3"
      },
      "locked": {
        "lastModified": 1787490503,
        "narHash": "sha256-Iys/51B9mcbrFjy9KwgdKOCeKF4ryJLh+UJYb3Eapl8=",
        "owner": "noctalia-dev",
        "repo": "noctalia",
        "rev": "a9cd1c86bdd6a231fc2b07c3b7a2505175a864d3",
        "type": "github"
      },
      "original": {
        "owner": "noctalia-dev",
        "repo": "noctalia",
        "type": "github"
      }
    },
    "nvf": {
      "inputs": {
        "flake-compat": "flake-compat_2",
        "mnw": "mnw",
        "nixpkgs": "nixpkgs_4"
      },
      "locked": {
        "lastModified": 1787432068,
        "narHash": "sha256-IwY4Dfd5xCnNo66Jx2CCyVRkIuZ9ub59v8+E6kVVlIY=",
        "owner": "notashelf",
        "repo": "nvf",
        "rev": "45ad22485d23bf131e3543eb7de16d0adf274e8b",
        "type": "github"
      },
      "original": {
        "owner": "notashelf",
        "repo": "nvf",
        "type": "github"
      }
    },
    "root": {
      "inputs": {
        "catppuccin": "catppuccin",
        "dms": "dms",
        "dms-plugin-registry": "dms-plugin-registry",
        "flake-parts": "flake-parts",
        "helium-flake": "helium-flake",
        "home-manager": "home-manager",
        "import-tree": "import-tree",
        "niri": "niri",
        "nixpkgs": "nixpkgs_2",
        "noctalia": "noctalia",
        "nvf": "nvf"
      }
    },
    "xwayland-satellite-stable": {
      "flake": false,
      "locked": {
        "lastModified": 1755491097,
        "narHash": "sha256-m+9tUfsmBeF2Gn4HWa6vSITZ4Gz1eA1F5Kh62B0N4oE=",
        "owner": "Supreeeme",
        "repo": "xwayland-satellite",
        "rev": "388d291e82ffbc73be18169d39470f340707edaa",
        "type": "github"
      },
      "original": {
        "owner": "Supreeeme",
        "ref": "v0.7",
        "repo": "xwayland-satellite",
        "type": "github"
      }
    },
    "xwayland-satellite-unstable": {
      "flake": false,
      "locked": {
        "lastModified": 1784679892,
        "narHash": "sha256-Mb7jpqnrcYCfNSItIkkHpuR3YxWFxPuIBfcwNKlRBkk=",
        "owner": "Supreeeme",
        "repo": "xwayland-satellite",
        "rev": "8d135d3b2854b30fd01ea6cd6c27e523dd50a839",
        "type": "github"
      },
      "original": {
        "owner": "Supreeeme",
        "repo": "xwayland-satellite",
        "type": "github"
      }
    }
  },
  "root": "root",
  "version": 7
}
